Microsoft Visual Studio Solution File, Format Version 9.00
# Visual Studio 2005
Project("{FAE04EC0-301F-11D3-BF4B-00C04F79EFBC}") = "WinWebSolution.Module", "WinWebSolution.Module\WinWebSolution.Module.csproj", "{CDDFBBDD-1484-4F36-B830-15D544945D15}"
	ProjectSection(WebsiteProperties) = preProject
		Debug.AspNetCompiler.Debug = "True"
		Release.AspNetCompiler.Debug = "False"
	EndProjectSection
EndProject
Project("{FAE04EC0-301F-11D3-BF4B-00C04F79EFBC}") = "WinWebSolution.Web", "WinWebSolution.Web\WinWebSolution.Web.csproj", "{192D9079-1BD3-47B3-9117-B6B7BC11843C}"
	ProjectSection(WebsiteProperties) = preProject
		Debug.AspNetCompiler.Debug = "True"
		Release.AspNetCompiler.Debug = "False"
	EndProjectSection
EndProject
Project("{FAE04EC0-301F-11D3-BF4B-00C04F79EFBC}") = "WinWebSolution.Win", "WinWebSolution.Win\WinWebSolution.Win.csproj", "{D01681F8-C179-4F29-8ECB-83B31CB79792}"
	ProjectSection(WebsiteProperties) = preProject
		Debug.AspNetCompiler.Debug = "True"
		Release.AspNetCompiler.Debug = "False"
	EndProjectSection
EndProject
Global
	GlobalSection(SolutionConfigurationPlatforms) = preSolution
		Debug|Any CPU = Debug|Any CPU
		EasyTest|Any CPU = EasyTest|Any CPU
		Release|Any CPU = Release|Any CPU
	EndGlobalSection
	GlobalSection(ProjectConfigurationPlatforms) = postSolution
		{CDDFBBDD-1484-4F36-B830-15D544945D15}.Debug|Any CPU.ActiveCfg = Debug|Any CPU
		{CDDFBBDD-1484-4F36-B830-15D544945D15}.Debug|Any CPU.Build.0 = Debug|Any CPU
		{CDDFBBDD-1484-4F36-B830-15D544945D15}.EasyTest|Any CPU.ActiveCfg = EasyTest|Any CPU
		{CDDFBBDD-1484-4F36-B830-15D544945D15}.EasyTest|Any CPU.Build.0 = EasyTest|Any CPU
		{CDDFBBDD-1484-4F36-B830-15D544945D15}.Release|Any CPU.ActiveCfg = Release|Any CPU
		{CDDFBBDD-1484-4F36-B830-15D544945D15}.Release|Any CPU.Build.0 = Release|Any CPU
		{192D9079-1BD3-47B3-9117-B6B7BC11843C}.Debug|Any CPU.ActiveCfg = Debug|Any CPU
		{192D9079-1BD3-47B3-9117-B6B7BC11843C}.Debug|Any CPU.Build.0 = Debug|Any CPU
		{192D9079-1BD3-47B3-9117-B6B7BC11843C}.EasyTest|Any CPU.ActiveCfg = EasyTest|Any CPU
		{192D9079-1BD3-47B3-9117-B6B7BC11843C}.EasyTest|Any CPU.Build.0 = EasyTest|Any CPU
		{192D9079-1BD3-47B3-9117-B6B7BC11843C}.Release|Any CPU.ActiveCfg = Release|Any CPU
		{192D9079-1BD3-47B3-9117-B6B7BC11843C}.Release|Any CPU.Build.0 = Release|Any CPU
		{D01681F8-C179-4F29-8ECB-83B31CB79792}.Debug|Any CPU.ActiveCfg = Debug|Any CPU
		{D01681F8-C179-4F29-8ECB-83B31CB79792}.Debug|Any CPU.Build.0 = Debug|Any CPU
		{D01681F8-C179-4F29-8ECB-83B31CB79792}.EasyTest|Any CPU.ActiveCfg = EasyTest|Any CPU
		{D01681F8-C179-4F29-8ECB-83B31CB79792}.EasyTest|Any CPU.Build.0 = EasyTest|Any CPU
		{D01681F8-C179-4F29-8ECB-83B31CB79792}.Release|Any CPU.ActiveCfg = Release|Any CPU
		{D01681F8-C179-4F29-8ECB-83B31CB79792}.Release|Any CPU.Build.0 = Release|Any CPU
	EndGlobalSection
	GlobalSection(SolutionProperties) = preSolution
		HideSolutionNode = FALSE
	EndGlobalSection
EndGlobal
