Microsoft Visual Studio Solution File, Format Version 9.00
# Visual Studio 2005
Project("{FAE04EC0-301F-11D3-BF4B-00C04F79EFBC}") = "WinWebSolution.Module", "WinWebSolution.Module\WinWebSolution.Module.csproj", "{4520A48E-D7D3-4566-A5C6-1CA17B31428F}"
	ProjectSection(WebsiteProperties) = preProject
		Debug.AspNetCompiler.Debug = "True"
		Release.AspNetCompiler.Debug = "False"
	EndProjectSection
EndProject
Project("{FAE04EC0-301F-11D3-BF4B-00C04F79EFBC}") = "WinWebSolution.Web", "WinWebSolution.Web\WinWebSolution.Web.csproj", "{A0A5AE7C-E850-4569-91B3-0D62A52D6CC7}"
	ProjectSection(WebsiteProperties) = preProject
		Debug.AspNetCompiler.Debug = "True"
		Release.AspNetCompiler.Debug = "False"
	EndProjectSection
EndProject
Project("{FAE04EC0-301F-11D3-BF4B-00C04F79EFBC}") = "WinWebSolution.Win", "WinWebSolution.Win\WinWebSolution.Win.csproj", "{EBCE2CA5-1620-4F98-B19A-F5E4182A9FFF}"
	ProjectSection(WebsiteProperties) = preProject
		Debug.AspNetCompiler.Debug = "True"
		Release.AspNetCompiler.Debug = "False"
	EndProjectSection
EndProject
Global
	GlobalSection(SolutionConfigurationPlatforms) = preSolution
		Debug|Any CPU = Debug|Any CPU
		EasyTest|Any CPU = EasyTest|Any CPU
		Release|Any CPU = Release|Any CPU
	EndGlobalSection
	GlobalSection(ProjectConfigurationPlatforms) = postSolution
		{4520A48E-D7D3-4566-A5C6-1CA17B31428F}.Debug|Any CPU.ActiveCfg = Debug|Any CPU
		{4520A48E-D7D3-4566-A5C6-1CA17B31428F}.Debug|Any CPU.Build.0 = Debug|Any CPU
		{4520A48E-D7D3-4566-A5C6-1CA17B31428F}.EasyTest|Any CPU.ActiveCfg = EasyTest|Any CPU
		{4520A48E-D7D3-4566-A5C6-1CA17B31428F}.EasyTest|Any CPU.Build.0 = EasyTest|Any CPU
		{4520A48E-D7D3-4566-A5C6-1CA17B31428F}.Release|Any CPU.ActiveCfg = Release|Any CPU
		{4520A48E-D7D3-4566-A5C6-1CA17B31428F}.Release|Any CPU.Build.0 = Release|Any CPU
		{A0A5AE7C-E850-4569-91B3-0D62A52D6CC7}.Debug|Any CPU.ActiveCfg = Debug|Any CPU
		{A0A5AE7C-E850-4569-91B3-0D62A52D6CC7}.Debug|Any CPU.Build.0 = Debug|Any CPU
		{A0A5AE7C-E850-4569-91B3-0D62A52D6CC7}.EasyTest|Any CPU.ActiveCfg = EasyTest|Any CPU
		{A0A5AE7C-E850-4569-91B3-0D62A52D6CC7}.EasyTest|Any CPU.Build.0 = EasyTest|Any CPU
		{A0A5AE7C-E850-4569-91B3-0D62A52D6CC7}.Release|Any CPU.ActiveCfg = Release|Any CPU
		{A0A5AE7C-E850-4569-91B3-0D62A52D6CC7}.Release|Any CPU.Build.0 = Release|Any CPU
		{EBCE2CA5-1620-4F98-B19A-F5E4182A9FFF}.Debug|Any CPU.ActiveCfg = Debug|Any CPU
		{EBCE2CA5-1620-4F98-B19A-F5E4182A9FFF}.Debug|Any CPU.Build.0 = Debug|Any CPU
		{EBCE2CA5-1620-4F98-B19A-F5E4182A9FFF}.EasyTest|Any CPU.ActiveCfg = EasyTest|Any CPU
		{EBCE2CA5-1620-4F98-B19A-F5E4182A9FFF}.EasyTest|Any CPU.Build.0 = EasyTest|Any CPU
		{EBCE2CA5-1620-4F98-B19A-F5E4182A9FFF}.Release|Any CPU.ActiveCfg = Release|Any CPU
		{EBCE2CA5-1620-4F98-B19A-F5E4182A9FFF}.Release|Any CPU.Build.0 = Release|Any CPU
	EndGlobalSection
	GlobalSection(SolutionProperties) = preSolution
		HideSolutionNode = FALSE
	EndGlobalSection
EndGlobal
